
Microsoft Visual Studio Solution File, Format Version 12.00
# Visual Studio 15
VisualStudioVersion = 15.0.28010.2036
MinimumVisualStudioVersion = 10.0.40219.1
Project("{FAE04EC0-301F-11D3-BF4B-00C04F79EFBC}") = "P01-DayOfWeek", "P01-DayOfWeek\P01-DayOfWeek.csproj", "{715E3ECC-B901-40B3-9C38-C2221BB645A5}"
EndProject
Project("{FAE04EC0-301F-11D3-BF4B-00C04F79EFBC}") = "P02-PrintNumbersInReverseOrder", "P02-PrintNumbersInReverseOrder\P02-PrintNumbersInReverseOrder.csproj", "{0B687603-C4E6-4ACC-833A-3C49B5A461A1}"
EndProject
Project("{FAE04EC0-301F-11D3-BF4B-00C04F79EFBC}") = "P03-RoundingNumbers", "P03-RoundingNumbers\P03-RoundingNumbers.csproj", "{D64D40C8-0472-4472-80BF-F3DF2C48F556}"
EndProject
Project("{FAE04EC0-301F-11D3-BF4B-00C04F79EFBC}") = "P04-ReverseArrayOfStrings", "P04-ReverseArrayOfStrings\P04-ReverseArrayOfStrings.csproj", "{47F634F5-BEAC-47CD-90A5-A47F8D96CE65}"
EndProject
Project("{FAE04EC0-301F-11D3-BF4B-00C04F79EFBC}") = "P05-SumEvenNumbers", "P05-SumEvenNumbers\P05-SumEvenNumbers.csproj", "{DFAC5C77-FC2C-4D0E-A1F2-D023B6B26978}"
EndProject
Project("{FAE04EC0-301F-11D3-BF4B-00C04F79EFBC}") = "P06-EvenAndOddSubstraction", "P06-EvenAndOddSubstraction\P06-EvenAndOddSubstraction.csproj", "{4A7CDDF3-A812-48CD-BD50-FBC18D6D807D}"
EndProject
Project("{FAE04EC0-301F-11D3-BF4B-00C04F79EFBC}") = "P07-EqualArrays", "P07-EqualArrays\P07-EqualArrays.csproj", "{555FCE3F-4B93-4681-A146-33898B26BA8F}"
EndProject
Project("{FAE04EC0-301F-11D3-BF4B-00C04F79EFBC}") = "P08-CondenseArrayToNumber", "P08-CondenseArrayToNumber\P08-CondenseArrayToNumber.csproj", "{ED38A185-3F3F-467B-B183-D4D19FAAF67C}"
EndProject
Global
	GlobalSection(SolutionConfigurationPlatforms) = preSolution
		Debug|Any CPU = Debug|Any CPU
		Release|Any CPU = Release|Any CPU
	EndGlobalSection
	GlobalSection(ProjectConfigurationPlatforms) = postSolution
		{715E3ECC-B901-40B3-9C38-C2221BB645A5}.Debug|Any CPU.ActiveCfg = Debug|Any CPU
		{715E3ECC-B901-40B3-9C38-C2221BB645A5}.Debug|Any CPU.Build.0 = Debug|Any CPU
		{715E3ECC-B901-40B3-9C38-C2221BB645A5}.Release|Any CPU.ActiveCfg = Release|Any CPU
		{715E3ECC-B901-40B3-9C38-C2221BB645A5}.Release|Any CPU.Build.0 = Release|Any CPU
		{0B687603-C4E6-4ACC-833A-3C49B5A461A1}.Debug|Any CPU.ActiveCfg = Debug|Any CPU
		{0B687603-C4E6-4ACC-833A-3C49B5A461A1}.Debug|Any CPU.Build.0 = Debug|Any CPU
		{0B687603-C4E6-4ACC-833A-3C49B5A461A1}.Release|Any CPU.ActiveCfg = Release|Any CPU
		{0B687603-C4E6-4ACC-833A-3C49B5A461A1}.Release|Any CPU.Build.0 = Release|Any CPU
		{D64D40C8-0472-4472-80BF-F3DF2C48F556}.Debug|Any CPU.ActiveCfg = Debug|Any CPU
		{D64D40C8-0472-4472-80BF-F3DF2C48F556}.Debug|Any CPU.Build.0 = Debug|Any CPU
		{D64D40C8-0472-4472-80BF-F3DF2C48F556}.Release|Any CPU.ActiveCfg = Release|Any CPU
		{D64D40C8-0472-4472-80BF-F3DF2C48F556}.Release|Any CPU.Build.0 = Release|Any CPU
		{47F634F5-BEAC-47CD-90A5-A47F8D96CE65}.Debug|Any CPU.ActiveCfg = Debug|Any CPU
		{47F634F5-BEAC-47CD-90A5-A47F8D96CE65}.Debug|Any CPU.Build.0 = Debug|Any CPU
		{47F634F5-BEAC-47CD-90A5-A47F8D96CE65}.Release|Any CPU.ActiveCfg = Release|Any CPU
		{47F634F5-BEAC-47CD-90A5-A47F8D96CE65}.Release|Any CPU.Build.0 = Release|Any CPU
		{DFAC5C77-FC2C-4D0E-A1F2-D023B6B26978}.Debug|Any CPU.ActiveCfg = Debug|Any CPU
		{DFAC5C77-FC2C-4D0E-A1F2-D023B6B26978}.Debug|Any CPU.Build.0 = Debug|Any CPU
		{DFAC5C77-FC2C-4D0E-A1F2-D023B6B26978}.Release|Any CPU.ActiveCfg = Release|Any CPU
		{DFAC5C77-FC2C-4D0E-A1F2-D023B6B26978}.Release|Any CPU.Build.0 = Release|Any CPU
		{4A7CDDF3-A812-48CD-BD50-FBC18D6D807D}.Debug|Any CPU.ActiveCfg = Debug|Any CPU
		{4A7CDDF3-A812-48CD-BD50-FBC18D6D807D}.Debug|Any CPU.Build.0 = Debug|Any CPU
		{4A7CDDF3-A812-48CD-BD50-FBC18D6D807D}.Release|Any CPU.ActiveCfg = Release|Any CPU
		{4A7CDDF3-A812-48CD-BD50-FBC18D6D807D}.Release|Any CPU.Build.0 = Release|Any CPU
		{555FCE3F-4B93-4681-A146-33898B26BA8F}.Debug|Any CPU.ActiveCfg = Debug|Any CPU
		{555FCE3F-4B93-4681-A146-33898B26BA8F}.Debug|Any CPU.Build.0 = Debug|Any CPU
		{555FCE3F-4B93-4681-A146-33898B26BA8F}.Release|Any CPU.ActiveCfg = Release|Any CPU
		{555FCE3F-4B93-4681-A146-33898B26BA8F}.Release|Any CPU.Build.0 = Release|Any CPU
		{ED38A185-3F3F-467B-B183-D4D19FAAF67C}.Debug|Any CPU.ActiveCfg = Debug|Any CPU
		{ED38A185-3F3F-467B-B183-D4D19FAAF67C}.Debug|Any CPU.Build.0 = Debug|Any CPU
		{ED38A185-3F3F-467B-B183-D4D19FAAF67C}.Release|Any CPU.ActiveCfg = Release|Any CPU
		{ED38A185-3F3F-467B-B183-D4D19FAAF67C}.Release|Any CPU.Build.0 = Release|Any CPU
	EndGlobalSection
	GlobalSection(SolutionProperties) = preSolution
		HideSolutionNode = FALSE
	EndGlobalSection
	GlobalSection(ExtensibilityGlobals) = postSolution
		SolutionGuid = {B616FEBA-A6C4-4255-BD61-33A0435AA99B}
	EndGlobalSection
EndGlobal
