
Microsoft Visual Studio Solution File, Format Version 12.00
# Visual Studio 15
VisualStudioVersion = 15.0.28010.2036
MinimumVisualStudioVersion = 10.0.40219.1
Project("{9A19103F-16F7-4668-BE54-9A1E7A4F7556}") = "P01-Ranking", "P01-Ranking\P01-Ranking.csproj", "{977FD129-61F8-4228-A0A0-1D5F3BBC2429}"
EndProject
Project("{9A19103F-16F7-4668-BE54-9A1E7A4F7556}") = "P02-Judge", "P02-Judge\P02-Judge.csproj", "{7862A472-9F88-4342-A0BF-4593C8E17836}"
EndProject
Project("{FAE04EC0-301F-11D3-BF4B-00C04F79EFBC}") = "P03-MOBAChallenger", "P03-MOBAChallenger\P03-MOBAChallenger.csproj", "{CF71154C-9B25-40BD-85CB-AD68327C04B4}"
EndProject
Project("{FAE04EC0-301F-11D3-BF4B-00C04F79EFBC}") = "P04-Snowwhite", "P04-Snowwhite\P04-Snowwhite.csproj", "{598E36D8-C396-42A1-AE30-E900302401C7}"
EndProject
Project("{FAE04EC0-301F-11D3-BF4B-00C04F79EFBC}") = "P05-DragonArmy", "P05-DragonArmy\P05-DragonArmy.csproj", "{BBAB7C48-B371-4070-BF65-8F31130A14F6}"
EndProject
Global
	GlobalSection(SolutionConfigurationPlatforms) = preSolution
		Debug|Any CPU = Debug|Any CPU
		Release|Any CPU = Release|Any CPU
	EndGlobalSection
	GlobalSection(ProjectConfigurationPlatforms) = postSolution
		{977FD129-61F8-4228-A0A0-1D5F3BBC2429}.Debug|Any CPU.ActiveCfg = Debug|Any CPU
		{977FD129-61F8-4228-A0A0-1D5F3BBC2429}.Debug|Any CPU.Build.0 = Debug|Any CPU
		{977FD129-61F8-4228-A0A0-1D5F3BBC2429}.Release|Any CPU.ActiveCfg = Release|Any CPU
		{977FD129-61F8-4228-A0A0-1D5F3BBC2429}.Release|Any CPU.Build.0 = Release|Any CPU
		{7862A472-9F88-4342-A0BF-4593C8E17836}.Debug|Any CPU.ActiveCfg = Debug|Any CPU
		{7862A472-9F88-4342-A0BF-4593C8E17836}.Debug|Any CPU.Build.0 = Debug|Any CPU
		{7862A472-9F88-4342-A0BF-4593C8E17836}.Release|Any CPU.ActiveCfg = Release|Any CPU
		{7862A472-9F88-4342-A0BF-4593C8E17836}.Release|Any CPU.Build.0 = Release|Any CPU
		{CF71154C-9B25-40BD-85CB-AD68327C04B4}.Debug|Any CPU.ActiveCfg = Debug|Any CPU
		{CF71154C-9B25-40BD-85CB-AD68327C04B4}.Debug|Any CPU.Build.0 = Debug|Any CPU
		{CF71154C-9B25-40BD-85CB-AD68327C04B4}.Release|Any CPU.ActiveCfg = Release|Any CPU
		{CF71154C-9B25-40BD-85CB-AD68327C04B4}.Release|Any CPU.Build.0 = Release|Any CPU
		{598E36D8-C396-42A1-AE30-E900302401C7}.Debug|Any CPU.ActiveCfg = Debug|Any CPU
		{598E36D8-C396-42A1-AE30-E900302401C7}.Debug|Any CPU.Build.0 = Debug|Any CPU
		{598E36D8-C396-42A1-AE30-E900302401C7}.Release|Any CPU.ActiveCfg = Release|Any CPU
		{598E36D8-C396-42A1-AE30-E900302401C7}.Release|Any CPU.Build.0 = Release|Any CPU
		{BBAB7C48-B371-4070-BF65-8F31130A14F6}.Debug|Any CPU.ActiveCfg = Debug|Any CPU
		{BBAB7C48-B371-4070-BF65-8F31130A14F6}.Debug|Any CPU.Build.0 = Debug|Any CPU
		{BBAB7C48-B371-4070-BF65-8F31130A14F6}.Release|Any CPU.ActiveCfg = Release|Any CPU
		{BBAB7C48-B371-4070-BF65-8F31130A14F6}.Release|Any CPU.Build.0 = Release|Any CPU
	EndGlobalSection
	GlobalSection(SolutionProperties) = preSolution
		HideSolutionNode = FALSE
	EndGlobalSection
	GlobalSection(ExtensibilityGlobals) = postSolution
		SolutionGuid = {2D388FB9-BE76-4BF9-B9CA-3298D26E3310}
	EndGlobalSection
EndGlobal
