
Microsoft Visual Studio Solution File, Format Version 12.00
# Visual Studio 15
VisualStudioVersion = 15.0.28010.2036
MinimumVisualStudioVersion = 10.0.40219.1
Project("{9A19103F-16F7-4668-BE54-9A1E7A4F7556}") = "P01-DataTypes", "P01-DataTypes\P01-DataTypes.csproj", "{76DFF2F2-B33C-4AB9-A7FD-272AF9E2EFDD}"
EndProject
Project("{9A19103F-16F7-4668-BE54-9A1E7A4F7556}") = "P02-CenterPoint", "P02-CenterPoint\P02-CenterPoint.csproj", "{AF920C3A-5C4D-4B07-A08D-B677E292CC57}"
EndProject
Project("{9A19103F-16F7-4668-BE54-9A1E7A4F7556}") = "P03-LongerLine", "P03-LongerLine\P03-LongerLine.csproj", "{5FF90050-AC89-4269-B5F7-B30C22674B4C}"
EndProject
Project("{FAE04EC0-301F-11D3-BF4B-00C04F79EFBC}") = "P04-TribonacciSequence", "P04-TribonacciSequence\P04-TribonacciSequence.csproj", "{FCCE3F5A-9E2E-4C3E-A78C-7FA67AE78C02}"
EndProject
Project("{FAE04EC0-301F-11D3-BF4B-00C04F79EFBC}") = "P05-MultiplicationSign", "P05-MultiplicationSign\P05-MultiplicationSign.csproj", "{6587023B-8329-4C72-A912-599F95305447}"
EndProject
Global
	GlobalSection(SolutionConfigurationPlatforms) = preSolution
		Debug|Any CPU = Debug|Any CPU
		Release|Any CPU = Release|Any CPU
	EndGlobalSection
	GlobalSection(ProjectConfigurationPlatforms) = postSolution
		{76DFF2F2-B33C-4AB9-A7FD-272AF9E2EFDD}.Debug|Any CPU.ActiveCfg = Debug|Any CPU
		{76DFF2F2-B33C-4AB9-A7FD-272AF9E2EFDD}.Debug|Any CPU.Build.0 = Debug|Any CPU
		{76DFF2F2-B33C-4AB9-A7FD-272AF9E2EFDD}.Release|Any CPU.ActiveCfg = Release|Any CPU
		{76DFF2F2-B33C-4AB9-A7FD-272AF9E2EFDD}.Release|Any CPU.Build.0 = Release|Any CPU
		{AF920C3A-5C4D-4B07-A08D-B677E292CC57}.Debug|Any CPU.ActiveCfg = Debug|Any CPU
		{AF920C3A-5C4D-4B07-A08D-B677E292CC57}.Debug|Any CPU.Build.0 = Debug|Any CPU
		{AF920C3A-5C4D-4B07-A08D-B677E292CC57}.Release|Any CPU.ActiveCfg = Release|Any CPU
		{AF920C3A-5C4D-4B07-A08D-B677E292CC57}.Release|Any CPU.Build.0 = Release|Any CPU
		{5FF90050-AC89-4269-B5F7-B30C22674B4C}.Debug|Any CPU.ActiveCfg = Debug|Any CPU
		{5FF90050-AC89-4269-B5F7-B30C22674B4C}.Debug|Any CPU.Build.0 = Debug|Any CPU
		{5FF90050-AC89-4269-B5F7-B30C22674B4C}.Release|Any CPU.ActiveCfg = Release|Any CPU
		{5FF90050-AC89-4269-B5F7-B30C22674B4C}.Release|Any CPU.Build.0 = Release|Any CPU
		{FCCE3F5A-9E2E-4C3E-A78C-7FA67AE78C02}.Debug|Any CPU.ActiveCfg = Debug|Any CPU
		{FCCE3F5A-9E2E-4C3E-A78C-7FA67AE78C02}.Debug|Any CPU.Build.0 = Debug|Any CPU
		{FCCE3F5A-9E2E-4C3E-A78C-7FA67AE78C02}.Release|Any CPU.ActiveCfg = Release|Any CPU
		{FCCE3F5A-9E2E-4C3E-A78C-7FA67AE78C02}.Release|Any CPU.Build.0 = Release|Any CPU
		{6587023B-8329-4C72-A912-599F95305447}.Debug|Any CPU.ActiveCfg = Debug|Any CPU
		{6587023B-8329-4C72-A912-599F95305447}.Debug|Any CPU.Build.0 = Debug|Any CPU
		{6587023B-8329-4C72-A912-599F95305447}.Release|Any CPU.ActiveCfg = Release|Any CPU
		{6587023B-8329-4C72-A912-599F95305447}.Release|Any CPU.Build.0 = Release|Any CPU
	EndGlobalSection
	GlobalSection(SolutionProperties) = preSolution
		HideSolutionNode = FALSE
	EndGlobalSection
	GlobalSection(ExtensibilityGlobals) = postSolution
		SolutionGuid = {3CF2F5F6-A9D2-494B-B68A-1F4BB48D0BBB}
	EndGlobalSection
EndGlobal
