
Microsoft Visual Studio Solution File, Format Version 12.00
# Visual Studio 15
VisualStudioVersion = 15.0.28010.2036
MinimumVisualStudioVersion = 10.0.40219.1
Project("{9A19103F-16F7-4668-BE54-9A1E7A4F7556}") = "P01-ExtractEmails", "P01-ExtractEmails\P01-ExtractEmails.csproj", "{91386C16-4DEE-482E-96AE-09E00679FFA3}"
EndProject
Project("{9A19103F-16F7-4668-BE54-9A1E7A4F7556}") = "P02-Furniture", "P02-Furniture\P02-Furniture.csproj", "{DD8A0416-F8BD-420E-B194-B14FD3F9299C}"
EndProject
Project("{9A19103F-16F7-4668-BE54-9A1E7A4F7556}") = "P03-Race", "P03-Race\P03-Race.csproj", "{BE2ECF57-AAA8-43F1-AA1B-A6E455D60F2B}"
EndProject
Project("{9A19103F-16F7-4668-BE54-9A1E7A4F7556}") = "P04-SoftUniBarIncome", "P04-SoftUniBarIncome\P04-SoftUniBarIncome.csproj", "{29C761AC-2795-4465-A9B7-A928B67130E0}"
EndProject
Project("{FAE04EC0-301F-11D3-BF4B-00C04F79EFBC}") = "P05-StarEnigma", "P05-StarEnigma\P05-StarEnigma.csproj", "{4FD90EDF-D7EF-45FB-8E53-9B4146282338}"
EndProject
Project("{FAE04EC0-301F-11D3-BF4B-00C04F79EFBC}") = "P07-HTMLParser", "P07-HTMLParser\P07-HTMLParser.csproj", "{3CE26A24-ADA3-4403-B02A-F666181643C6}"
EndProject
Global
	GlobalSection(SolutionConfigurationPlatforms) = preSolution
		Debug|Any CPU = Debug|Any CPU
		Release|Any CPU = Release|Any CPU
	EndGlobalSection
	GlobalSection(ProjectConfigurationPlatforms) = postSolution
		{91386C16-4DEE-482E-96AE-09E00679FFA3}.Debug|Any CPU.ActiveCfg = Debug|Any CPU
		{91386C16-4DEE-482E-96AE-09E00679FFA3}.Debug|Any CPU.Build.0 = Debug|Any CPU
		{91386C16-4DEE-482E-96AE-09E00679FFA3}.Release|Any CPU.ActiveCfg = Release|Any CPU
		{91386C16-4DEE-482E-96AE-09E00679FFA3}.Release|Any CPU.Build.0 = Release|Any CPU
		{DD8A0416-F8BD-420E-B194-B14FD3F9299C}.Debug|Any CPU.ActiveCfg = Debug|Any CPU
		{DD8A0416-F8BD-420E-B194-B14FD3F9299C}.Debug|Any CPU.Build.0 = Debug|Any CPU
		{DD8A0416-F8BD-420E-B194-B14FD3F9299C}.Release|Any CPU.ActiveCfg = Release|Any CPU
		{DD8A0416-F8BD-420E-B194-B14FD3F9299C}.Release|Any CPU.Build.0 = Release|Any CPU
		{BE2ECF57-AAA8-43F1-AA1B-A6E455D60F2B}.Debug|Any CPU.ActiveCfg = Debug|Any CPU
		{BE2ECF57-AAA8-43F1-AA1B-A6E455D60F2B}.Debug|Any CPU.Build.0 = Debug|Any CPU
		{BE2ECF57-AAA8-43F1-AA1B-A6E455D60F2B}.Release|Any CPU.ActiveCfg = Release|Any CPU
		{BE2ECF57-AAA8-43F1-AA1B-A6E455D60F2B}.Release|Any CPU.Build.0 = Release|Any CPU
		{29C761AC-2795-4465-A9B7-A928B67130E0}.Debug|Any CPU.ActiveCfg = Debug|Any CPU
		{29C761AC-2795-4465-A9B7-A928B67130E0}.Debug|Any CPU.Build.0 = Debug|Any CPU
		{29C761AC-2795-4465-A9B7-A928B67130E0}.Release|Any CPU.ActiveCfg = Release|Any CPU
		{29C761AC-2795-4465-A9B7-A928B67130E0}.Release|Any CPU.Build.0 = Release|Any CPU
		{4FD90EDF-D7EF-45FB-8E53-9B4146282338}.Debug|Any CPU.ActiveCfg = Debug|Any CPU
		{4FD90EDF-D7EF-45FB-8E53-9B4146282338}.Debug|Any CPU.Build.0 = Debug|Any CPU
		{4FD90EDF-D7EF-45FB-8E53-9B4146282338}.Release|Any CPU.ActiveCfg = Release|Any CPU
		{4FD90EDF-D7EF-45FB-8E53-9B4146282338}.Release|Any CPU.Build.0 = Release|Any CPU
		{3CE26A24-ADA3-4403-B02A-F666181643C6}.Debug|Any CPU.ActiveCfg = Debug|Any CPU
		{3CE26A24-ADA3-4403-B02A-F666181643C6}.Debug|Any CPU.Build.0 = Debug|Any CPU
		{3CE26A24-ADA3-4403-B02A-F666181643C6}.Release|Any CPU.ActiveCfg = Release|Any CPU
		{3CE26A24-ADA3-4403-B02A-F666181643C6}.Release|Any CPU.Build.0 = Release|Any CPU
	EndGlobalSection
	GlobalSection(SolutionProperties) = preSolution
		HideSolutionNode = FALSE
	EndGlobalSection
	GlobalSection(ExtensibilityGlobals) = postSolution
		SolutionGuid = {B170CADE-40F4-41F6-A885-08AFA3308AA6}
	EndGlobalSection
EndGlobal
