
Microsoft Visual Studio Solution File, Format Version 12.00
# Visual Studio 15
VisualStudioVersion = 15.0.28307.136
MinimumVisualStudioVersion = 10.0.40219.1
Project("{9A19103F-16F7-4668-BE54-9A1E7A4F7556}") = "P01-ForceBook", "P01-ForceBook\P01-ForceBook.csproj", "{E52413B3-B682-457A-8E10-8ED6C91E3454}"
EndProject
Project("{9A19103F-16F7-4668-BE54-9A1E7A4F7556}") = "P02-SoftUniExamResults", "P02-SoftUniExamResults\P02-SoftUniExamResults.csproj", "{FDE7D728-A979-4460-AA6B-D9E40040F61B}"
EndProject
Project("{9A19103F-16F7-4668-BE54-9A1E7A4F7556}") = "P03-LettersChangeNumbers", "P03-LettersChangeNumbers\P03-LettersChangeNumbers.csproj", "{AFF1C07F-AEE8-4E28-A33F-1232EDE599FC}"
EndProject
Project("{9A19103F-16F7-4668-BE54-9A1E7A4F7556}") = "P04-RageQuit", "P04-RageQuit\P04-RageQuit.csproj", "{8BDB48FE-C609-45F4-8F3D-E36D2E867EED}"
EndProject
Project("{9A19103F-16F7-4668-BE54-9A1E7A4F7556}") = "P05-Ranking", "P05-Ranking\P05-Ranking.csproj", "{373855ED-BDF8-43EF-957A-7386C607AAC7}"
EndProject
Project("{9A19103F-16F7-4668-BE54-9A1E7A4F7556}") = "P06-Judge", "P06-Judge\P06-Judge.csproj", "{21316A86-A882-430F-8FAD-3C288E847604}"
EndProject
Project("{FAE04EC0-301F-11D3-BF4B-00C04F79EFBC}") = "P07-Snowflake", "P07-Snowflake\P07-Snowflake.csproj", "{83244BD1-99C3-4DC5-B0B8-3ACE9552AACF}"
EndProject
Project("{FAE04EC0-301F-11D3-BF4B-00C04F79EFBC}") = "P08-MOBAChallenger", "P08-MOBAChallenger\P08-MOBAChallenger.csproj", "{932B4330-7F09-49F1-A936-38445D4DCCB2}"
EndProject
Project("{FAE04EC0-301F-11D3-BF4B-00C04F79EFBC}") = "P09-Snowwhite", "P09-Snowwhite\P09-Snowwhite.csproj", "{381E2CC9-F985-4E1C-B5DE-25F6D5823E43}"
EndProject
Project("{FAE04EC0-301F-11D3-BF4B-00C04F79EFBC}") = "P10-DragonArmy", "P10-DragonArmy\P10-DragonArmy.csproj", "{853ADFE9-76DD-4CD1-919F-983D8D03F1C0}"
EndProject
Global
	GlobalSection(SolutionConfigurationPlatforms) = preSolution
		Debug|Any CPU = Debug|Any CPU
		Release|Any CPU = Release|Any CPU
	EndGlobalSection
	GlobalSection(ProjectConfigurationPlatforms) = postSolution
		{E52413B3-B682-457A-8E10-8ED6C91E3454}.Debug|Any CPU.ActiveCfg = Debug|Any CPU
		{E52413B3-B682-457A-8E10-8ED6C91E3454}.Debug|Any CPU.Build.0 = Debug|Any CPU
		{E52413B3-B682-457A-8E10-8ED6C91E3454}.Release|Any CPU.ActiveCfg = Release|Any CPU
		{E52413B3-B682-457A-8E10-8ED6C91E3454}.Release|Any CPU.Build.0 = Release|Any CPU
		{FDE7D728-A979-4460-AA6B-D9E40040F61B}.Debug|Any CPU.ActiveCfg = Debug|Any CPU
		{FDE7D728-A979-4460-AA6B-D9E40040F61B}.Debug|Any CPU.Build.0 = Debug|Any CPU
		{FDE7D728-A979-4460-AA6B-D9E40040F61B}.Release|Any CPU.ActiveCfg = Release|Any CPU
		{FDE7D728-A979-4460-AA6B-D9E40040F61B}.Release|Any CPU.Build.0 = Release|Any CPU
		{AFF1C07F-AEE8-4E28-A33F-1232EDE599FC}.Debug|Any CPU.ActiveCfg = Debug|Any CPU
		{AFF1C07F-AEE8-4E28-A33F-1232EDE599FC}.Debug|Any CPU.Build.0 = Debug|Any CPU
		{AFF1C07F-AEE8-4E28-A33F-1232EDE599FC}.Release|Any CPU.ActiveCfg = Release|Any CPU
		{AFF1C07F-AEE8-4E28-A33F-1232EDE599FC}.Release|Any CPU.Build.0 = Release|Any CPU
		{8BDB48FE-C609-45F4-8F3D-E36D2E867EED}.Debug|Any CPU.ActiveCfg = Debug|Any CPU
		{8BDB48FE-C609-45F4-8F3D-E36D2E867EED}.Debug|Any CPU.Build.0 = Debug|Any CPU
		{8BDB48FE-C609-45F4-8F3D-E36D2E867EED}.Release|Any CPU.ActiveCfg = Release|Any CPU
		{8BDB48FE-C609-45F4-8F3D-E36D2E867EED}.Release|Any CPU.Build.0 = Release|Any CPU
		{373855ED-BDF8-43EF-957A-7386C607AAC7}.Debug|Any CPU.ActiveCfg = Debug|Any CPU
		{373855ED-BDF8-43EF-957A-7386C607AAC7}.Debug|Any CPU.Build.0 = Debug|Any CPU
		{373855ED-BDF8-43EF-957A-7386C607AAC7}.Release|Any CPU.ActiveCfg = Release|Any CPU
		{373855ED-BDF8-43EF-957A-7386C607AAC7}.Release|Any CPU.Build.0 = Release|Any CPU
		{21316A86-A882-430F-8FAD-3C288E847604}.Debug|Any CPU.ActiveCfg = Debug|Any CPU
		{21316A86-A882-430F-8FAD-3C288E847604}.Debug|Any CPU.Build.0 = Debug|Any CPU
		{21316A86-A882-430F-8FAD-3C288E847604}.Release|Any CPU.ActiveCfg = Release|Any CPU
		{21316A86-A882-430F-8FAD-3C288E847604}.Release|Any CPU.Build.0 = Release|Any CPU
		{83244BD1-99C3-4DC5-B0B8-3ACE9552AACF}.Debug|Any CPU.ActiveCfg = Debug|Any CPU
		{83244BD1-99C3-4DC5-B0B8-3ACE9552AACF}.Debug|Any CPU.Build.0 = Debug|Any CPU
		{83244BD1-99C3-4DC5-B0B8-3ACE9552AACF}.Release|Any CPU.ActiveCfg = Release|Any CPU
		{83244BD1-99C3-4DC5-B0B8-3ACE9552AACF}.Release|Any CPU.Build.0 = Release|Any CPU
		{932B4330-7F09-49F1-A936-38445D4DCCB2}.Debug|Any CPU.ActiveCfg = Debug|Any CPU
		{932B4330-7F09-49F1-A936-38445D4DCCB2}.Debug|Any CPU.Build.0 = Debug|Any CPU
		{932B4330-7F09-49F1-A936-38445D4DCCB2}.Release|Any CPU.ActiveCfg = Release|Any CPU
		{932B4330-7F09-49F1-A936-38445D4DCCB2}.Release|Any CPU.Build.0 = Release|Any CPU
		{381E2CC9-F985-4E1C-B5DE-25F6D5823E43}.Debug|Any CPU.ActiveCfg = Debug|Any CPU
		{381E2CC9-F985-4E1C-B5DE-25F6D5823E43}.Debug|Any CPU.Build.0 = Debug|Any CPU
		{381E2CC9-F985-4E1C-B5DE-25F6D5823E43}.Release|Any CPU.ActiveCfg = Release|Any CPU
		{381E2CC9-F985-4E1C-B5DE-25F6D5823E43}.Release|Any CPU.Build.0 = Release|Any CPU
		{853ADFE9-76DD-4CD1-919F-983D8D03F1C0}.Debug|Any CPU.ActiveCfg = Debug|Any CPU
		{853ADFE9-76DD-4CD1-919F-983D8D03F1C0}.Debug|Any CPU.Build.0 = Debug|Any CPU
		{853ADFE9-76DD-4CD1-919F-983D8D03F1C0}.Release|Any CPU.ActiveCfg = Release|Any CPU
		{853ADFE9-76DD-4CD1-919F-983D8D03F1C0}.Release|Any CPU.Build.0 = Release|Any CPU
	EndGlobalSection
	GlobalSection(SolutionProperties) = preSolution
		HideSolutionNode = FALSE
	EndGlobalSection
	GlobalSection(ExtensibilityGlobals) = postSolution
		SolutionGuid = {5E8AF83D-FC87-4DA2-A54B-AB9EF596815A}
	EndGlobalSection
EndGlobal
