
Microsoft Visual Studio Solution File, Format Version 12.00
# Visual Studio 15
VisualStudioVersion = 15.0.28010.2036
MinimumVisualStudioVersion = 10.0.40219.1
Project("{9A19103F-16F7-4668-BE54-9A1E7A4F7556}") = "P01-Messaging", "P01-Messaging\P01-Messaging.csproj", "{A6468C4D-43C3-4C13-BFAA-C71739D6C559}"
EndProject
Project("{9A19103F-16F7-4668-BE54-9A1E7A4F7556}") = "P02-CarRace", "P02-CarRace\P02-CarRace.csproj", "{816D8BD2-6C60-41C5-A3F6-184549838E79}"
EndProject
Project("{9A19103F-16F7-4668-BE54-9A1E7A4F7556}") = "P03-TakeSkipRope", "P03-TakeSkipRope\P03-TakeSkipRope.csproj", "{B517C43E-BD9F-4467-9680-43CD5683447C}"
EndProject
Project("{FAE04EC0-301F-11D3-BF4B-00C04F79EFBC}") = "P04-MixedUpLists", "P04-MixedUpLists\P04-MixedUpLists.csproj", "{28A9B484-7FF5-48A2-91EB-97E4A7F3C8C2}"
EndProject
Project("{FAE04EC0-301F-11D3-BF4B-00C04F79EFBC}") = "P05-DrumSet", "P05-DrumSet\P05-DrumSet.csproj", "{F647C075-26C1-4360-B7BA-C05CE06B98B7}"
EndProject
Global
	GlobalSection(SolutionConfigurationPlatforms) = preSolution
		Debug|Any CPU = Debug|Any CPU
		Release|Any CPU = Release|Any CPU
	EndGlobalSection
	GlobalSection(ProjectConfigurationPlatforms) = postSolution
		{A6468C4D-43C3-4C13-BFAA-C71739D6C559}.Debug|Any CPU.ActiveCfg = Debug|Any CPU
		{A6468C4D-43C3-4C13-BFAA-C71739D6C559}.Debug|Any CPU.Build.0 = Debug|Any CPU
		{A6468C4D-43C3-4C13-BFAA-C71739D6C559}.Release|Any CPU.ActiveCfg = Release|Any CPU
		{A6468C4D-43C3-4C13-BFAA-C71739D6C559}.Release|Any CPU.Build.0 = Release|Any CPU
		{816D8BD2-6C60-41C5-A3F6-184549838E79}.Debug|Any CPU.ActiveCfg = Debug|Any CPU
		{816D8BD2-6C60-41C5-A3F6-184549838E79}.Debug|Any CPU.Build.0 = Debug|Any CPU
		{816D8BD2-6C60-41C5-A3F6-184549838E79}.Release|Any CPU.ActiveCfg = Release|Any CPU
		{816D8BD2-6C60-41C5-A3F6-184549838E79}.Release|Any CPU.Build.0 = Release|Any CPU
		{B517C43E-BD9F-4467-9680-43CD5683447C}.Debug|Any CPU.ActiveCfg = Debug|Any CPU
		{B517C43E-BD9F-4467-9680-43CD5683447C}.Debug|Any CPU.Build.0 = Debug|Any CPU
		{B517C43E-BD9F-4467-9680-43CD5683447C}.Release|Any CPU.ActiveCfg = Release|Any CPU
		{B517C43E-BD9F-4467-9680-43CD5683447C}.Release|Any CPU.Build.0 = Release|Any CPU
		{28A9B484-7FF5-48A2-91EB-97E4A7F3C8C2}.Debug|Any CPU.ActiveCfg = Debug|Any CPU
		{28A9B484-7FF5-48A2-91EB-97E4A7F3C8C2}.Debug|Any CPU.Build.0 = Debug|Any CPU
		{28A9B484-7FF5-48A2-91EB-97E4A7F3C8C2}.Release|Any CPU.ActiveCfg = Release|Any CPU
		{28A9B484-7FF5-48A2-91EB-97E4A7F3C8C2}.Release|Any CPU.Build.0 = Release|Any CPU
		{F647C075-26C1-4360-B7BA-C05CE06B98B7}.Debug|Any CPU.ActiveCfg = Debug|Any CPU
		{F647C075-26C1-4360-B7BA-C05CE06B98B7}.Debug|Any CPU.Build.0 = Debug|Any CPU
		{F647C075-26C1-4360-B7BA-C05CE06B98B7}.Release|Any CPU.ActiveCfg = Release|Any CPU
		{F647C075-26C1-4360-B7BA-C05CE06B98B7}.Release|Any CPU.Build.0 = Release|Any CPU
	EndGlobalSection
	GlobalSection(SolutionProperties) = preSolution
		HideSolutionNode = FALSE
	EndGlobalSection
	GlobalSection(ExtensibilityGlobals) = postSolution
		SolutionGuid = {77D8940E-A938-4BCE-8841-86AAA1E4E626}
	EndGlobalSection
EndGlobal
