
Microsoft Visual Studio Solution File, Format Version 12.00
# Visual Studio 15
VisualStudioVersion = 15.0.28010.2036
MinimumVisualStudioVersion = 10.0.40219.1
Project("{FAE04EC0-301F-11D3-BF4B-00C04F79EFBC}") = "P01-MatchFullName", "P01-MatchFullName\P01-MatchFullName.csproj", "{DD180639-4C1A-4387-B1AE-E4DE0B54F4D2}"
EndProject
Project("{FAE04EC0-301F-11D3-BF4B-00C04F79EFBC}") = "P02-MatchPhoneNumber", "P02-MatchPhoneNumber\P02-MatchPhoneNumber.csproj", "{9AC8ECBB-E947-46E6-9A3B-7DE502223D5B}"
EndProject
Project("{FAE04EC0-301F-11D3-BF4B-00C04F79EFBC}") = "P03-MatchDates", "P03-MatchDates\P03-MatchDates.csproj", "{150D8AB5-FA3C-4C71-B488-D7FE8A628568}"
EndProject
Project("{FAE04EC0-301F-11D3-BF4B-00C04F79EFBC}") = "P04-MatchNumbers", "P04-MatchNumbers\P04-MatchNumbers.csproj", "{1956F229-979C-44A0-9122-8391A261AFEC}"
EndProject
Global
	GlobalSection(SolutionConfigurationPlatforms) = preSolution
		Debug|Any CPU = Debug|Any CPU
		Release|Any CPU = Release|Any CPU
	EndGlobalSection
	GlobalSection(ProjectConfigurationPlatforms) = postSolution
		{DD180639-4C1A-4387-B1AE-E4DE0B54F4D2}.Debug|Any CPU.ActiveCfg = Debug|Any CPU
		{DD180639-4C1A-4387-B1AE-E4DE0B54F4D2}.Debug|Any CPU.Build.0 = Debug|Any CPU
		{DD180639-4C1A-4387-B1AE-E4DE0B54F4D2}.Release|Any CPU.ActiveCfg = Release|Any CPU
		{DD180639-4C1A-4387-B1AE-E4DE0B54F4D2}.Release|Any CPU.Build.0 = Release|Any CPU
		{9AC8ECBB-E947-46E6-9A3B-7DE502223D5B}.Debug|Any CPU.ActiveCfg = Debug|Any CPU
		{9AC8ECBB-E947-46E6-9A3B-7DE502223D5B}.Debug|Any CPU.Build.0 = Debug|Any CPU
		{9AC8ECBB-E947-46E6-9A3B-7DE502223D5B}.Release|Any CPU.ActiveCfg = Release|Any CPU
		{9AC8ECBB-E947-46E6-9A3B-7DE502223D5B}.Release|Any CPU.Build.0 = Release|Any CPU
		{150D8AB5-FA3C-4C71-B488-D7FE8A628568}.Debug|Any CPU.ActiveCfg = Debug|Any CPU
		{150D8AB5-FA3C-4C71-B488-D7FE8A628568}.Debug|Any CPU.Build.0 = Debug|Any CPU
		{150D8AB5-FA3C-4C71-B488-D7FE8A628568}.Release|Any CPU.ActiveCfg = Release|Any CPU
		{150D8AB5-FA3C-4C71-B488-D7FE8A628568}.Release|Any CPU.Build.0 = Release|Any CPU
		{1956F229-979C-44A0-9122-8391A261AFEC}.Debug|Any CPU.ActiveCfg = Debug|Any CPU
		{1956F229-979C-44A0-9122-8391A261AFEC}.Debug|Any CPU.Build.0 = Debug|Any CPU
		{1956F229-979C-44A0-9122-8391A261AFEC}.Release|Any CPU.ActiveCfg = Release|Any CPU
		{1956F229-979C-44A0-9122-8391A261AFEC}.Release|Any CPU.Build.0 = Release|Any CPU
	EndGlobalSection
	GlobalSection(SolutionProperties) = preSolution
		HideSolutionNode = FALSE
	EndGlobalSection
	GlobalSection(ExtensibilityGlobals) = postSolution
		SolutionGuid = {4DD2BF98-A371-4B0D-B3E9-FE3827F8C095}
	EndGlobalSection
EndGlobal
