
Microsoft Visual Studio Solution File, Format Version 12.00
# Visual Studio 15
VisualStudioVersion = 15.0.28307.136
MinimumVisualStudioVersion = 10.0.40219.1
Project("{FAE04EC0-301F-11D3-BF4B-00C04F79EFBC}") = "P01-Concert", "P01-Concert\P01-Concert.csproj", "{8FBE05A0-EC12-4A88-954E-7504DB778605}"
EndProject
Project("{FAE04EC0-301F-11D3-BF4B-00C04F79EFBC}") = "P02-SongEncryption", "P02-SongEncryption\P02-SongEncryption.csproj", "{D787920C-2B24-4164-80E5-8CB3E1F5C129}"
EndProject
Global
	GlobalSection(SolutionConfigurationPlatforms) = preSolution
		Debug|Any CPU = Debug|Any CPU
		Release|Any CPU = Release|Any CPU
	EndGlobalSection
	GlobalSection(ProjectConfigurationPlatforms) = postSolution
		{8FBE05A0-EC12-4A88-954E-7504DB778605}.Debug|Any CPU.ActiveCfg = Debug|Any CPU
		{8FBE05A0-EC12-4A88-954E-7504DB778605}.Debug|Any CPU.Build.0 = Debug|Any CPU
		{8FBE05A0-EC12-4A88-954E-7504DB778605}.Release|Any CPU.ActiveCfg = Release|Any CPU
		{8FBE05A0-EC12-4A88-954E-7504DB778605}.Release|Any CPU.Build.0 = Release|Any CPU
		{D787920C-2B24-4164-80E5-8CB3E1F5C129}.Debug|Any CPU.ActiveCfg = Debug|Any CPU
		{D787920C-2B24-4164-80E5-8CB3E1F5C129}.Debug|Any CPU.Build.0 = Debug|Any CPU
		{D787920C-2B24-4164-80E5-8CB3E1F5C129}.Release|Any CPU.ActiveCfg = Release|Any CPU
		{D787920C-2B24-4164-80E5-8CB3E1F5C129}.Release|Any CPU.Build.0 = Release|Any CPU
	EndGlobalSection
	GlobalSection(SolutionProperties) = preSolution
		HideSolutionNode = FALSE
	EndGlobalSection
	GlobalSection(ExtensibilityGlobals) = postSolution
		SolutionGuid = {BBA2BE8B-7F3D-44C2-9C1E-3FE17D77D893}
	EndGlobalSection
EndGlobal
