
Microsoft Visual Studio Solution File, Format Version 12.00
# Visual Studio 15
VisualStudioVersion = 15.0.27703.2035
MinimumVisualStudioVersion = 10.0.40219.1
Project("{FAE04EC0-301F-11D3-BF4B-00C04F79EFBC}") = "P01-StudentInformation", "P01-StudentInformation\P01-StudentInformation.csproj", "{23D1F48A-6862-4505-BCCB-C9F6112B6251}"
EndProject
Project("{FAE04EC0-301F-11D3-BF4B-00C04F79EFBC}") = "P02-Passed", "P02-Passed\P02-Passed.csproj", "{7879D65C-A01A-4EB9-9660-59B557D407F3}"
EndProject
Project("{FAE04EC0-301F-11D3-BF4B-00C04F79EFBC}") = "P03-PassedOrFailed", "P03-PassedOrFailed\P03-PassedOrFailed.csproj", "{FE174A52-BCC5-4CD5-8F01-16429227BEB2}"
EndProject
Project("{FAE04EC0-301F-11D3-BF4B-00C04F79EFBC}") = "P04-BackIn30Minutes", "P04-BackIn30Minutes\P04-BackIn30Minutes.csproj", "{000DA8D8-BA68-4E18-BCFB-ADD2020723E3}"
EndProject
Project("{FAE04EC0-301F-11D3-BF4B-00C04F79EFBC}") = "P05-MonthPrinter", "P05-MonthPrinter\P05-MonthPrinter.csproj", "{055EAD62-106D-49A5-B74A-7E382BC000EB}"
EndProject
Project("{FAE04EC0-301F-11D3-BF4B-00C04F79EFBC}") = "P06-ForeignLanguages", "P06-ForeignLanguages\P06-ForeignLanguages.csproj", "{300B7C12-7B02-4715-9FA3-4A44F3ED1A17}"
EndProject
Project("{FAE04EC0-301F-11D3-BF4B-00C04F79EFBC}") = "P07-TheatrePromotions", "P07-TheatrePromotions\P07-TheatrePromotions.csproj", "{3F74F09A-4B69-47F2-AACF-FC231B84A1A6}"
EndProject
Project("{FAE04EC0-301F-11D3-BF4B-00C04F79EFBC}") = "P08-DivisibleBy3", "P03-DivisibleBy3\P08-DivisibleBy3.csproj", "{E7ED104E-A849-42E6-9A60-8D2F53585FAD}"
EndProject
Project("{FAE04EC0-301F-11D3-BF4B-00C04F79EFBC}") = "P09-SumOfOddNumbers", "P09-SumOfOddNumbers\P09-SumOfOddNumbers.csproj", "{B1F638B7-8F98-45D4-9E6A-41D2BC4984EE}"
EndProject
Project("{FAE04EC0-301F-11D3-BF4B-00C04F79EFBC}") = "P10-MultiplicationTable", "P10-MultiplicationTable\P10-MultiplicationTable.csproj", "{FA4C9C75-CE0B-4A26-915D-08EFAD98E567}"
EndProject
Project("{FAE04EC0-301F-11D3-BF4B-00C04F79EFBC}") = "P12-EvenNumber", "P11-EvenNumber\P12-EvenNumber.csproj", "{474A3463-6035-4682-B606-C1E6516DC7B6}"
EndProject
Project("{FAE04EC0-301F-11D3-BF4B-00C04F79EFBC}") = "P13-HolidaysBetweenTwoDates", "P12-HolidaysBetweenTwoDates\P13-HolidaysBetweenTwoDates.csproj", "{F2452FFB-B853-4C93-869C-8DF7E26B6B4D}"
EndProject
Project("{FAE04EC0-301F-11D3-BF4B-00C04F79EFBC}") = "P11-MultiplicationTable2.0", "P11-MultiplicationTable2.0\P11-MultiplicationTable2.0.csproj", "{47535C2D-64AD-4E75-BA81-C79118D2DF74}"
EndProject
Global
	GlobalSection(SolutionConfigurationPlatforms) = preSolution
		Debug|Any CPU = Debug|Any CPU
		Debug|ARM = Debug|ARM
		Debug|x64 = Debug|x64
		Debug|x86 = Debug|x86
		Release|Any CPU = Release|Any CPU
		Release|ARM = Release|ARM
		Release|x64 = Release|x64
		Release|x86 = Release|x86
	EndGlobalSection
	GlobalSection(ProjectConfigurationPlatforms) = postSolution
		{23D1F48A-6862-4505-BCCB-C9F6112B6251}.Debug|Any CPU.ActiveCfg = Debug|Any CPU
		{23D1F48A-6862-4505-BCCB-C9F6112B6251}.Debug|Any CPU.Build.0 = Debug|Any CPU
		{23D1F48A-6862-4505-BCCB-C9F6112B6251}.Debug|ARM.ActiveCfg = Debug|Any CPU
		{23D1F48A-6862-4505-BCCB-C9F6112B6251}.Debug|ARM.Build.0 = Debug|Any CPU
		{23D1F48A-6862-4505-BCCB-C9F6112B6251}.Debug|x64.ActiveCfg = Debug|Any CPU
		{23D1F48A-6862-4505-BCCB-C9F6112B6251}.Debug|x64.Build.0 = Debug|Any CPU
		{23D1F48A-6862-4505-BCCB-C9F6112B6251}.Debug|x86.ActiveCfg = Debug|Any CPU
		{23D1F48A-6862-4505-BCCB-C9F6112B6251}.Debug|x86.Build.0 = Debug|Any CPU
		{23D1F48A-6862-4505-BCCB-C9F6112B6251}.Release|Any CPU.ActiveCfg = Release|Any CPU
		{23D1F48A-6862-4505-BCCB-C9F6112B6251}.Release|Any CPU.Build.0 = Release|Any CPU
		{23D1F48A-6862-4505-BCCB-C9F6112B6251}.Release|ARM.ActiveCfg = Release|Any CPU
		{23D1F48A-6862-4505-BCCB-C9F6112B6251}.Release|ARM.Build.0 = Release|Any CPU
		{23D1F48A-6862-4505-BCCB-C9F6112B6251}.Release|x64.ActiveCfg = Release|Any CPU
		{23D1F48A-6862-4505-BCCB-C9F6112B6251}.Release|x64.Build.0 = Release|Any CPU
		{23D1F48A-6862-4505-BCCB-C9F6112B6251}.Release|x86.ActiveCfg = Release|Any CPU
		{23D1F48A-6862-4505-BCCB-C9F6112B6251}.Release|x86.Build.0 = Release|Any CPU
		{7879D65C-A01A-4EB9-9660-59B557D407F3}.Debug|Any CPU.ActiveCfg = Debug|Any CPU
		{7879D65C-A01A-4EB9-9660-59B557D407F3}.Debug|Any CPU.Build.0 = Debug|Any CPU
		{7879D65C-A01A-4EB9-9660-59B557D407F3}.Debug|ARM.ActiveCfg = Debug|Any CPU
		{7879D65C-A01A-4EB9-9660-59B557D407F3}.Debug|ARM.Build.0 = Debug|Any CPU
		{7879D65C-A01A-4EB9-9660-59B557D407F3}.Debug|x64.ActiveCfg = Debug|Any CPU
		{7879D65C-A01A-4EB9-9660-59B557D407F3}.Debug|x64.Build.0 = Debug|Any CPU
		{7879D65C-A01A-4EB9-9660-59B557D407F3}.Debug|x86.ActiveCfg = Debug|Any CPU
		{7879D65C-A01A-4EB9-9660-59B557D407F3}.Debug|x86.Build.0 = Debug|Any CPU
		{7879D65C-A01A-4EB9-9660-59B557D407F3}.Release|Any CPU.ActiveCfg = Release|Any CPU
		{7879D65C-A01A-4EB9-9660-59B557D407F3}.Release|Any CPU.Build.0 = Release|Any CPU
		{7879D65C-A01A-4EB9-9660-59B557D407F3}.Release|ARM.ActiveCfg = Release|Any CPU
		{7879D65C-A01A-4EB9-9660-59B557D407F3}.Release|ARM.Build.0 = Release|Any CPU
		{7879D65C-A01A-4EB9-9660-59B557D407F3}.Release|x64.ActiveCfg = Release|Any CPU
		{7879D65C-A01A-4EB9-9660-59B557D407F3}.Release|x64.Build.0 = Release|Any CPU
		{7879D65C-A01A-4EB9-9660-59B557D407F3}.Release|x86.ActiveCfg = Release|Any CPU
		{7879D65C-A01A-4EB9-9660-59B557D407F3}.Release|x86.Build.0 = Release|Any CPU
		{FE174A52-BCC5-4CD5-8F01-16429227BEB2}.Debug|Any CPU.ActiveCfg = Debug|Any CPU
		{FE174A52-BCC5-4CD5-8F01-16429227BEB2}.Debug|Any CPU.Build.0 = Debug|Any CPU
		{FE174A52-BCC5-4CD5-8F01-16429227BEB2}.Debug|ARM.ActiveCfg = Debug|Any CPU
		{FE174A52-BCC5-4CD5-8F01-16429227BEB2}.Debug|ARM.Build.0 = Debug|Any CPU
		{FE174A52-BCC5-4CD5-8F01-16429227BEB2}.Debug|x64.ActiveCfg = Debug|Any CPU
		{FE174A52-BCC5-4CD5-8F01-16429227BEB2}.Debug|x64.Build.0 = Debug|Any CPU
		{FE174A52-BCC5-4CD5-8F01-16429227BEB2}.Debug|x86.ActiveCfg = Debug|Any CPU
		{FE174A52-BCC5-4CD5-8F01-16429227BEB2}.Debug|x86.Build.0 = Debug|Any CPU
		{FE174A52-BCC5-4CD5-8F01-16429227BEB2}.Release|Any CPU.ActiveCfg = Release|Any CPU
		{FE174A52-BCC5-4CD5-8F01-16429227BEB2}.Release|Any CPU.Build.0 = Release|Any CPU
		{FE174A52-BCC5-4CD5-8F01-16429227BEB2}.Release|ARM.ActiveCfg = Release|Any CPU
		{FE174A52-BCC5-4CD5-8F01-16429227BEB2}.Release|ARM.Build.0 = Release|Any CPU
		{FE174A52-BCC5-4CD5-8F01-16429227BEB2}.Release|x64.ActiveCfg = Release|Any CPU
		{FE174A52-BCC5-4CD5-8F01-16429227BEB2}.Release|x64.Build.0 = Release|Any CPU
		{FE174A52-BCC5-4CD5-8F01-16429227BEB2}.Release|x86.ActiveCfg = Release|Any CPU
		{FE174A52-BCC5-4CD5-8F01-16429227BEB2}.Release|x86.Build.0 = Release|Any CPU
		{000DA8D8-BA68-4E18-BCFB-ADD2020723E3}.Debug|Any CPU.ActiveCfg = Debug|Any CPU
		{000DA8D8-BA68-4E18-BCFB-ADD2020723E3}.Debug|Any CPU.Build.0 = Debug|Any CPU
		{000DA8D8-BA68-4E18-BCFB-ADD2020723E3}.Debug|ARM.ActiveCfg = Debug|Any CPU
		{000DA8D8-BA68-4E18-BCFB-ADD2020723E3}.Debug|ARM.Build.0 = Debug|Any CPU
		{000DA8D8-BA68-4E18-BCFB-ADD2020723E3}.Debug|x64.ActiveCfg = Debug|Any CPU
		{000DA8D8-BA68-4E18-BCFB-ADD2020723E3}.Debug|x64.Build.0 = Debug|Any CPU
		{000DA8D8-BA68-4E18-BCFB-ADD2020723E3}.Debug|x86.ActiveCfg = Debug|Any CPU
		{000DA8D8-BA68-4E18-BCFB-ADD2020723E3}.Debug|x86.Build.0 = Debug|Any CPU
		{000DA8D8-BA68-4E18-BCFB-ADD2020723E3}.Release|Any CPU.ActiveCfg = Release|Any CPU
		{000DA8D8-BA68-4E18-BCFB-ADD2020723E3}.Release|Any CPU.Build.0 = Release|Any CPU
		{000DA8D8-BA68-4E18-BCFB-ADD2020723E3}.Release|ARM.ActiveCfg = Release|Any CPU
		{000DA8D8-BA68-4E18-BCFB-ADD2020723E3}.Release|ARM.Build.0 = Release|Any CPU
		{000DA8D8-BA68-4E18-BCFB-ADD2020723E3}.Release|x64.ActiveCfg = Release|Any CPU
		{000DA8D8-BA68-4E18-BCFB-ADD2020723E3}.Release|x64.Build.0 = Release|Any CPU
		{000DA8D8-BA68-4E18-BCFB-ADD2020723E3}.Release|x86.ActiveCfg = Release|Any CPU
		{000DA8D8-BA68-4E18-BCFB-ADD2020723E3}.Release|x86.Build.0 = Release|Any CPU
		{055EAD62-106D-49A5-B74A-7E382BC000EB}.Debug|Any CPU.ActiveCfg = Debug|Any CPU
		{055EAD62-106D-49A5-B74A-7E382BC000EB}.Debug|Any CPU.Build.0 = Debug|Any CPU
		{055EAD62-106D-49A5-B74A-7E382BC000EB}.Debug|ARM.ActiveCfg = Debug|Any CPU
		{055EAD62-106D-49A5-B74A-7E382BC000EB}.Debug|ARM.Build.0 = Debug|Any CPU
		{055EAD62-106D-49A5-B74A-7E382BC000EB}.Debug|x64.ActiveCfg = Debug|Any CPU
		{055EAD62-106D-49A5-B74A-7E382BC000EB}.Debug|x64.Build.0 = Debug|Any CPU
		{055EAD62-106D-49A5-B74A-7E382BC000EB}.Debug|x86.ActiveCfg = Debug|Any CPU
		{055EAD62-106D-49A5-B74A-7E382BC000EB}.Debug|x86.Build.0 = Debug|Any CPU
		{055EAD62-106D-49A5-B74A-7E382BC000EB}.Release|Any CPU.ActiveCfg = Release|Any CPU
		{055EAD62-106D-49A5-B74A-7E382BC000EB}.Release|Any CPU.Build.0 = Release|Any CPU
		{055EAD62-106D-49A5-B74A-7E382BC000EB}.Release|ARM.ActiveCfg = Release|Any CPU
		{055EAD62-106D-49A5-B74A-7E382BC000EB}.Release|ARM.Build.0 = Release|Any CPU
		{055EAD62-106D-49A5-B74A-7E382BC000EB}.Release|x64.ActiveCfg = Release|Any CPU
		{055EAD62-106D-49A5-B74A-7E382BC000EB}.Release|x64.Build.0 = Release|Any CPU
		{055EAD62-106D-49A5-B74A-7E382BC000EB}.Release|x86.ActiveCfg = Release|Any CPU
		{055EAD62-106D-49A5-B74A-7E382BC000EB}.Release|x86.Build.0 = Release|Any CPU
		{300B7C12-7B02-4715-9FA3-4A44F3ED1A17}.Debug|Any CPU.ActiveCfg = Debug|Any CPU
		{300B7C12-7B02-4715-9FA3-4A44F3ED1A17}.Debug|Any CPU.Build.0 = Debug|Any CPU
		{300B7C12-7B02-4715-9FA3-4A44F3ED1A17}.Debug|ARM.ActiveCfg = Debug|Any CPU
		{300B7C12-7B02-4715-9FA3-4A44F3ED1A17}.Debug|ARM.Build.0 = Debug|Any CPU
		{300B7C12-7B02-4715-9FA3-4A44F3ED1A17}.Debug|x64.ActiveCfg = Debug|Any CPU
		{300B7C12-7B02-4715-9FA3-4A44F3ED1A17}.Debug|x64.Build.0 = Debug|Any CPU
		{300B7C12-7B02-4715-9FA3-4A44F3ED1A17}.Debug|x86.ActiveCfg = Debug|Any CPU
		{300B7C12-7B02-4715-9FA3-4A44F3ED1A17}.Debug|x86.Build.0 = Debug|Any CPU
		{300B7C12-7B02-4715-9FA3-4A44F3ED1A17}.Release|Any CPU.ActiveCfg = Release|Any CPU
		{300B7C12-7B02-4715-9FA3-4A44F3ED1A17}.Release|Any CPU.Build.0 = Release|Any CPU
		{300B7C12-7B02-4715-9FA3-4A44F3ED1A17}.Release|ARM.ActiveCfg = Release|Any CPU
		{300B7C12-7B02-4715-9FA3-4A44F3ED1A17}.Release|ARM.Build.0 = Release|Any CPU
		{300B7C12-7B02-4715-9FA3-4A44F3ED1A17}.Release|x64.ActiveCfg = Release|Any CPU
		{300B7C12-7B02-4715-9FA3-4A44F3ED1A17}.Release|x64.Build.0 = Release|Any CPU
		{300B7C12-7B02-4715-9FA3-4A44F3ED1A17}.Release|x86.ActiveCfg = Release|Any CPU
		{300B7C12-7B02-4715-9FA3-4A44F3ED1A17}.Release|x86.Build.0 = Release|Any CPU
		{3F74F09A-4B69-47F2-AACF-FC231B84A1A6}.Debug|Any CPU.ActiveCfg = Debug|Any CPU
		{3F74F09A-4B69-47F2-AACF-FC231B84A1A6}.Debug|Any CPU.Build.0 = Debug|Any CPU
		{3F74F09A-4B69-47F2-AACF-FC231B84A1A6}.Debug|ARM.ActiveCfg = Debug|Any CPU
		{3F74F09A-4B69-47F2-AACF-FC231B84A1A6}.Debug|ARM.Build.0 = Debug|Any CPU
		{3F74F09A-4B69-47F2-AACF-FC231B84A1A6}.Debug|x64.ActiveCfg = Debug|Any CPU
		{3F74F09A-4B69-47F2-AACF-FC231B84A1A6}.Debug|x64.Build.0 = Debug|Any CPU
		{3F74F09A-4B69-47F2-AACF-FC231B84A1A6}.Debug|x86.ActiveCfg = Debug|Any CPU
		{3F74F09A-4B69-47F2-AACF-FC231B84A1A6}.Debug|x86.Build.0 = Debug|Any CPU
		{3F74F09A-4B69-47F2-AACF-FC231B84A1A6}.Release|Any CPU.ActiveCfg = Release|Any CPU
		{3F74F09A-4B69-47F2-AACF-FC231B84A1A6}.Release|Any CPU.Build.0 = Release|Any CPU
		{3F74F09A-4B69-47F2-AACF-FC231B84A1A6}.Release|ARM.ActiveCfg = Release|Any CPU
		{3F74F09A-4B69-47F2-AACF-FC231B84A1A6}.Release|ARM.Build.0 = Release|Any CPU
		{3F74F09A-4B69-47F2-AACF-FC231B84A1A6}.Release|x64.ActiveCfg = Release|Any CPU
		{3F74F09A-4B69-47F2-AACF-FC231B84A1A6}.Release|x64.Build.0 = Release|Any CPU
		{3F74F09A-4B69-47F2-AACF-FC231B84A1A6}.Release|x86.ActiveCfg = Release|Any CPU
		{3F74F09A-4B69-47F2-AACF-FC231B84A1A6}.Release|x86.Build.0 = Release|Any CPU
		{E7ED104E-A849-42E6-9A60-8D2F53585FAD}.Debug|Any CPU.ActiveCfg = Debug|Any CPU
		{E7ED104E-A849-42E6-9A60-8D2F53585FAD}.Debug|Any CPU.Build.0 = Debug|Any CPU
		{E7ED104E-A849-42E6-9A60-8D2F53585FAD}.Debug|ARM.ActiveCfg = Debug|Any CPU
		{E7ED104E-A849-42E6-9A60-8D2F53585FAD}.Debug|ARM.Build.0 = Debug|Any CPU
		{E7ED104E-A849-42E6-9A60-8D2F53585FAD}.Debug|x64.ActiveCfg = Debug|Any CPU
		{E7ED104E-A849-42E6-9A60-8D2F53585FAD}.Debug|x64.Build.0 = Debug|Any CPU
		{E7ED104E-A849-42E6-9A60-8D2F53585FAD}.Debug|x86.ActiveCfg = Debug|Any CPU
		{E7ED104E-A849-42E6-9A60-8D2F53585FAD}.Debug|x86.Build.0 = Debug|Any CPU
		{E7ED104E-A849-42E6-9A60-8D2F53585FAD}.Release|Any CPU.ActiveCfg = Release|Any CPU
		{E7ED104E-A849-42E6-9A60-8D2F53585FAD}.Release|Any CPU.Build.0 = Release|Any CPU
		{E7ED104E-A849-42E6-9A60-8D2F53585FAD}.Release|ARM.ActiveCfg = Release|Any CPU
		{E7ED104E-A849-42E6-9A60-8D2F53585FAD}.Release|ARM.Build.0 = Release|Any CPU
		{E7ED104E-A849-42E6-9A60-8D2F53585FAD}.Release|x64.ActiveCfg = Release|Any CPU
		{E7ED104E-A849-42E6-9A60-8D2F53585FAD}.Release|x64.Build.0 = Release|Any CPU
		{E7ED104E-A849-42E6-9A60-8D2F53585FAD}.Release|x86.ActiveCfg = Release|Any CPU
		{E7ED104E-A849-42E6-9A60-8D2F53585FAD}.Release|x86.Build.0 = Release|Any CPU
		{B1F638B7-8F98-45D4-9E6A-41D2BC4984EE}.Debug|Any CPU.ActiveCfg = Debug|Any CPU
		{B1F638B7-8F98-45D4-9E6A-41D2BC4984EE}.Debug|Any CPU.Build.0 = Debug|Any CPU
		{B1F638B7-8F98-45D4-9E6A-41D2BC4984EE}.Debug|ARM.ActiveCfg = Debug|Any CPU
		{B1F638B7-8F98-45D4-9E6A-41D2BC4984EE}.Debug|ARM.Build.0 = Debug|Any CPU
		{B1F638B7-8F98-45D4-9E6A-41D2BC4984EE}.Debug|x64.ActiveCfg = Debug|Any CPU
		{B1F638B7-8F98-45D4-9E6A-41D2BC4984EE}.Debug|x64.Build.0 = Debug|Any CPU
		{B1F638B7-8F98-45D4-9E6A-41D2BC4984EE}.Debug|x86.ActiveCfg = Debug|Any CPU
		{B1F638B7-8F98-45D4-9E6A-41D2BC4984EE}.Debug|x86.Build.0 = Debug|Any CPU
		{B1F638B7-8F98-45D4-9E6A-41D2BC4984EE}.Release|Any CPU.ActiveCfg = Release|Any CPU
		{B1F638B7-8F98-45D4-9E6A-41D2BC4984EE}.Release|Any CPU.Build.0 = Release|Any CPU
		{B1F638B7-8F98-45D4-9E6A-41D2BC4984EE}.Release|ARM.ActiveCfg = Release|Any CPU
		{B1F638B7-8F98-45D4-9E6A-41D2BC4984EE}.Release|ARM.Build.0 = Release|Any CPU
		{B1F638B7-8F98-45D4-9E6A-41D2BC4984EE}.Release|x64.ActiveCfg = Release|Any CPU
		{B1F638B7-8F98-45D4-9E6A-41D2BC4984EE}.Release|x64.Build.0 = Release|Any CPU
		{B1F638B7-8F98-45D4-9E6A-41D2BC4984EE}.Release|x86.ActiveCfg = Release|Any CPU
		{B1F638B7-8F98-45D4-9E6A-41D2BC4984EE}.Release|x86.Build.0 = Release|Any CPU
		{FA4C9C75-CE0B-4A26-915D-08EFAD98E567}.Debug|Any CPU.ActiveCfg = Debug|Any CPU
		{FA4C9C75-CE0B-4A26-915D-08EFAD98E567}.Debug|Any CPU.Build.0 = Debug|Any CPU
		{FA4C9C75-CE0B-4A26-915D-08EFAD98E567}.Debug|ARM.ActiveCfg = Debug|Any CPU
		{FA4C9C75-CE0B-4A26-915D-08EFAD98E567}.Debug|ARM.Build.0 = Debug|Any CPU
		{FA4C9C75-CE0B-4A26-915D-08EFAD98E567}.Debug|x64.ActiveCfg = Debug|Any CPU
		{FA4C9C75-CE0B-4A26-915D-08EFAD98E567}.Debug|x64.Build.0 = Debug|Any CPU
		{FA4C9C75-CE0B-4A26-915D-08EFAD98E567}.Debug|x86.ActiveCfg = Debug|Any CPU
		{FA4C9C75-CE0B-4A26-915D-08EFAD98E567}.Debug|x86.Build.0 = Debug|Any CPU
		{FA4C9C75-CE0B-4A26-915D-08EFAD98E567}.Release|Any CPU.ActiveCfg = Release|Any CPU
		{FA4C9C75-CE0B-4A26-915D-08EFAD98E567}.Release|Any CPU.Build.0 = Release|Any CPU
		{FA4C9C75-CE0B-4A26-915D-08EFAD98E567}.Release|ARM.ActiveCfg = Release|Any CPU
		{FA4C9C75-CE0B-4A26-915D-08EFAD98E567}.Release|ARM.Build.0 = Release|Any CPU
		{FA4C9C75-CE0B-4A26-915D-08EFAD98E567}.Release|x64.ActiveCfg = Release|Any CPU
		{FA4C9C75-CE0B-4A26-915D-08EFAD98E567}.Release|x64.Build.0 = Release|Any CPU
		{FA4C9C75-CE0B-4A26-915D-08EFAD98E567}.Release|x86.ActiveCfg = Release|Any CPU
		{FA4C9C75-CE0B-4A26-915D-08EFAD98E567}.Release|x86.Build.0 = Release|Any CPU
		{474A3463-6035-4682-B606-C1E6516DC7B6}.Debug|Any CPU.ActiveCfg = Debug|Any CPU
		{474A3463-6035-4682-B606-C1E6516DC7B6}.Debug|Any CPU.Build.0 = Debug|Any CPU
		{474A3463-6035-4682-B606-C1E6516DC7B6}.Debug|ARM.ActiveCfg = Debug|Any CPU
		{474A3463-6035-4682-B606-C1E6516DC7B6}.Debug|ARM.Build.0 = Debug|Any CPU
		{474A3463-6035-4682-B606-C1E6516DC7B6}.Debug|x64.ActiveCfg = Debug|Any CPU
		{474A3463-6035-4682-B606-C1E6516DC7B6}.Debug|x64.Build.0 = Debug|Any CPU
		{474A3463-6035-4682-B606-C1E6516DC7B6}.Debug|x86.ActiveCfg = Debug|Any CPU
		{474A3463-6035-4682-B606-C1E6516DC7B6}.Debug|x86.Build.0 = Debug|Any CPU
		{474A3463-6035-4682-B606-C1E6516DC7B6}.Release|Any CPU.ActiveCfg = Release|Any CPU
		{474A3463-6035-4682-B606-C1E6516DC7B6}.Release|Any CPU.Build.0 = Release|Any CPU
		{474A3463-6035-4682-B606-C1E6516DC7B6}.Release|ARM.ActiveCfg = Release|Any CPU
		{474A3463-6035-4682-B606-C1E6516DC7B6}.Release|ARM.Build.0 = Release|Any CPU
		{474A3463-6035-4682-B606-C1E6516DC7B6}.Release|x64.ActiveCfg = Release|Any CPU
		{474A3463-6035-4682-B606-C1E6516DC7B6}.Release|x64.Build.0 = Release|Any CPU
		{474A3463-6035-4682-B606-C1E6516DC7B6}.Release|x86.ActiveCfg = Release|Any CPU
		{474A3463-6035-4682-B606-C1E6516DC7B6}.Release|x86.Build.0 = Release|Any CPU
		{F2452FFB-B853-4C93-869C-8DF7E26B6B4D}.Debug|Any CPU.ActiveCfg = Debug|Any CPU
		{F2452FFB-B853-4C93-869C-8DF7E26B6B4D}.Debug|Any CPU.Build.0 = Debug|Any CPU
		{F2452FFB-B853-4C93-869C-8DF7E26B6B4D}.Debug|ARM.ActiveCfg = Debug|Any CPU
		{F2452FFB-B853-4C93-869C-8DF7E26B6B4D}.Debug|ARM.Build.0 = Debug|Any CPU
		{F2452FFB-B853-4C93-869C-8DF7E26B6B4D}.Debug|x64.ActiveCfg = Debug|Any CPU
		{F2452FFB-B853-4C93-869C-8DF7E26B6B4D}.Debug|x64.Build.0 = Debug|Any CPU
		{F2452FFB-B853-4C93-869C-8DF7E26B6B4D}.Debug|x86.ActiveCfg = Debug|Any CPU
		{F2452FFB-B853-4C93-869C-8DF7E26B6B4D}.Debug|x86.Build.0 = Debug|Any CPU
		{F2452FFB-B853-4C93-869C-8DF7E26B6B4D}.Release|Any CPU.ActiveCfg = Release|Any CPU
		{F2452FFB-B853-4C93-869C-8DF7E26B6B4D}.Release|Any CPU.Build.0 = Release|Any CPU
		{F2452FFB-B853-4C93-869C-8DF7E26B6B4D}.Release|ARM.ActiveCfg = Release|Any CPU
		{F2452FFB-B853-4C93-869C-8DF7E26B6B4D}.Release|ARM.Build.0 = Release|Any CPU
		{F2452FFB-B853-4C93-869C-8DF7E26B6B4D}.Release|x64.ActiveCfg = Release|Any CPU
		{F2452FFB-B853-4C93-869C-8DF7E26B6B4D}.Release|x64.Build.0 = Release|Any CPU
		{F2452FFB-B853-4C93-869C-8DF7E26B6B4D}.Release|x86.ActiveCfg = Release|Any CPU
		{F2452FFB-B853-4C93-869C-8DF7E26B6B4D}.Release|x86.Build.0 = Release|Any CPU
		{47535C2D-64AD-4E75-BA81-C79118D2DF74}.Debug|Any CPU.ActiveCfg = Debug|Any CPU
		{47535C2D-64AD-4E75-BA81-C79118D2DF74}.Debug|Any CPU.Build.0 = Debug|Any CPU
		{47535C2D-64AD-4E75-BA81-C79118D2DF74}.Debug|ARM.ActiveCfg = Debug|Any CPU
		{47535C2D-64AD-4E75-BA81-C79118D2DF74}.Debug|ARM.Build.0 = Debug|Any CPU
		{47535C2D-64AD-4E75-BA81-C79118D2DF74}.Debug|x64.ActiveCfg = Debug|Any CPU
		{47535C2D-64AD-4E75-BA81-C79118D2DF74}.Debug|x64.Build.0 = Debug|Any CPU
		{47535C2D-64AD-4E75-BA81-C79118D2DF74}.Debug|x86.ActiveCfg = Debug|Any CPU
		{47535C2D-64AD-4E75-BA81-C79118D2DF74}.Debug|x86.Build.0 = Debug|Any CPU
		{47535C2D-64AD-4E75-BA81-C79118D2DF74}.Release|Any CPU.ActiveCfg = Release|Any CPU
		{47535C2D-64AD-4E75-BA81-C79118D2DF74}.Release|Any CPU.Build.0 = Release|Any CPU
		{47535C2D-64AD-4E75-BA81-C79118D2DF74}.Release|ARM.ActiveCfg = Release|Any CPU
		{47535C2D-64AD-4E75-BA81-C79118D2DF74}.Release|ARM.Build.0 = Release|Any CPU
		{47535C2D-64AD-4E75-BA81-C79118D2DF74}.Release|x64.ActiveCfg = Release|Any CPU
		{47535C2D-64AD-4E75-BA81-C79118D2DF74}.Release|x64.Build.0 = Release|Any CPU
		{47535C2D-64AD-4E75-BA81-C79118D2DF74}.Release|x86.ActiveCfg = Release|Any CPU
		{47535C2D-64AD-4E75-BA81-C79118D2DF74}.Release|x86.Build.0 = Release|Any CPU
	EndGlobalSection
	GlobalSection(SolutionProperties) = preSolution
		HideSolutionNode = FALSE
	EndGlobalSection
	GlobalSection(ExtensibilityGlobals) = postSolution
		SolutionGuid = {A1699451-4047-44B8-ADF5-BD5C750417F5}
	EndGlobalSection
EndGlobal
