
Microsoft Visual Studio Solution File, Format Version 12.00
# Visual Studio 15
VisualStudioVersion = 15.0.28010.2036
MinimumVisualStudioVersion = 10.0.40219.1
Project("{9A19103F-16F7-4668-BE54-9A1E7A4F7556}") = "P01-CountCharsInString", "P01-CountCharsInString\P01-CountCharsInString.csproj", "{72E14436-6ACB-4AAE-AF9D-53300CFA21E6}"
EndProject
Project("{9A19103F-16F7-4668-BE54-9A1E7A4F7556}") = "P02-MinerTask", "P02-MinerTask\P02-MinerTask.csproj", "{6F918D21-E466-452D-A963-EE867196ED81}"
EndProject
Project("{9A19103F-16F7-4668-BE54-9A1E7A4F7556}") = "P03-LegendaryFarming", "P03-LegendaryFarming\P03-LegendaryFarming.csproj", "{0CAF81E2-0423-4F03-8316-4060280F3982}"
EndProject
Project("{9A19103F-16F7-4668-BE54-9A1E7A4F7556}") = "P04-Orders", "P04-Orders\P04-Orders.csproj", "{2241588E-1C90-4846-B453-A299AD0C6725}"
EndProject
Project("{9A19103F-16F7-4668-BE54-9A1E7A4F7556}") = "P05-SoftUniParking", "P05-SoftUniParking\P05-SoftUniParking.csproj", "{72E75074-D643-42B8-97D7-B27052CE1859}"
EndProject
Project("{9A19103F-16F7-4668-BE54-9A1E7A4F7556}") = "P06-Courses", "P06-Courses\P06-Courses.csproj", "{89D6E2E8-90BB-4764-98C7-F09C5063E2B7}"
EndProject
Project("{9A19103F-16F7-4668-BE54-9A1E7A4F7556}") = "P07-StudentAcademy", "P07-StudentAcademy\P07-StudentAcademy.csproj", "{C2DB88BE-123C-4E6B-BFFD-C418FCFC8AD1}"
EndProject
Project("{9A19103F-16F7-4668-BE54-9A1E7A4F7556}") = "P08-CompanyUsers", "P08-CompanyUsers\P08-CompanyUsers.csproj", "{D7319C17-8B2D-4134-944C-4EDE8665F34A}"
EndProject
Project("{FAE04EC0-301F-11D3-BF4B-00C04F79EFBC}") = "P09-ForceBook", "P09-ForceBook\P09-ForceBook.csproj", "{74ACFC91-3C50-4506-A19D-42D9A9473580}"
EndProject
Project("{FAE04EC0-301F-11D3-BF4B-00C04F79EFBC}") = "P10-SoftUniExamResults", "P10-SoftUniExamResults\P10-SoftUniExamResults.csproj", "{B6BCF55A-4886-413B-B7E1-EFA104F9BADF}"
EndProject
Global
	GlobalSection(SolutionConfigurationPlatforms) = preSolution
		Debug|Any CPU = Debug|Any CPU
		Release|Any CPU = Release|Any CPU
	EndGlobalSection
	GlobalSection(ProjectConfigurationPlatforms) = postSolution
		{72E14436-6ACB-4AAE-AF9D-53300CFA21E6}.Debug|Any CPU.ActiveCfg = Debug|Any CPU
		{72E14436-6ACB-4AAE-AF9D-53300CFA21E6}.Debug|Any CPU.Build.0 = Debug|Any CPU
		{72E14436-6ACB-4AAE-AF9D-53300CFA21E6}.Release|Any CPU.ActiveCfg = Release|Any CPU
		{72E14436-6ACB-4AAE-AF9D-53300CFA21E6}.Release|Any CPU.Build.0 = Release|Any CPU
		{6F918D21-E466-452D-A963-EE867196ED81}.Debug|Any CPU.ActiveCfg = Debug|Any CPU
		{6F918D21-E466-452D-A963-EE867196ED81}.Debug|Any CPU.Build.0 = Debug|Any CPU
		{6F918D21-E466-452D-A963-EE867196ED81}.Release|Any CPU.ActiveCfg = Release|Any CPU
		{6F918D21-E466-452D-A963-EE867196ED81}.Release|Any CPU.Build.0 = Release|Any CPU
		{0CAF81E2-0423-4F03-8316-4060280F3982}.Debug|Any CPU.ActiveCfg = Debug|Any CPU
		{0CAF81E2-0423-4F03-8316-4060280F3982}.Debug|Any CPU.Build.0 = Debug|Any CPU
		{0CAF81E2-0423-4F03-8316-4060280F3982}.Release|Any CPU.ActiveCfg = Release|Any CPU
		{0CAF81E2-0423-4F03-8316-4060280F3982}.Release|Any CPU.Build.0 = Release|Any CPU
		{2241588E-1C90-4846-B453-A299AD0C6725}.Debug|Any CPU.ActiveCfg = Debug|Any CPU
		{2241588E-1C90-4846-B453-A299AD0C6725}.Debug|Any CPU.Build.0 = Debug|Any CPU
		{2241588E-1C90-4846-B453-A299AD0C6725}.Release|Any CPU.ActiveCfg = Release|Any CPU
		{2241588E-1C90-4846-B453-A299AD0C6725}.Release|Any CPU.Build.0 = Release|Any CPU
		{72E75074-D643-42B8-97D7-B27052CE1859}.Debug|Any CPU.ActiveCfg = Debug|Any CPU
		{72E75074-D643-42B8-97D7-B27052CE1859}.Debug|Any CPU.Build.0 = Debug|Any CPU
		{72E75074-D643-42B8-97D7-B27052CE1859}.Release|Any CPU.ActiveCfg = Release|Any CPU
		{72E75074-D643-42B8-97D7-B27052CE1859}.Release|Any CPU.Build.0 = Release|Any CPU
		{89D6E2E8-90BB-4764-98C7-F09C5063E2B7}.Debug|Any CPU.ActiveCfg = Debug|Any CPU
		{89D6E2E8-90BB-4764-98C7-F09C5063E2B7}.Debug|Any CPU.Build.0 = Debug|Any CPU
		{89D6E2E8-90BB-4764-98C7-F09C5063E2B7}.Release|Any CPU.ActiveCfg = Release|Any CPU
		{89D6E2E8-90BB-4764-98C7-F09C5063E2B7}.Release|Any CPU.Build.0 = Release|Any CPU
		{C2DB88BE-123C-4E6B-BFFD-C418FCFC8AD1}.Debug|Any CPU.ActiveCfg = Debug|Any CPU
		{C2DB88BE-123C-4E6B-BFFD-C418FCFC8AD1}.Debug|Any CPU.Build.0 = Debug|Any CPU
		{C2DB88BE-123C-4E6B-BFFD-C418FCFC8AD1}.Release|Any CPU.ActiveCfg = Release|Any CPU
		{C2DB88BE-123C-4E6B-BFFD-C418FCFC8AD1}.Release|Any CPU.Build.0 = Release|Any CPU
		{D7319C17-8B2D-4134-944C-4EDE8665F34A}.Debug|Any CPU.ActiveCfg = Debug|Any CPU
		{D7319C17-8B2D-4134-944C-4EDE8665F34A}.Debug|Any CPU.Build.0 = Debug|Any CPU
		{D7319C17-8B2D-4134-944C-4EDE8665F34A}.Release|Any CPU.ActiveCfg = Release|Any CPU
		{D7319C17-8B2D-4134-944C-4EDE8665F34A}.Release|Any CPU.Build.0 = Release|Any CPU
		{74ACFC91-3C50-4506-A19D-42D9A9473580}.Debug|Any CPU.ActiveCfg = Debug|Any CPU
		{74ACFC91-3C50-4506-A19D-42D9A9473580}.Debug|Any CPU.Build.0 = Debug|Any CPU
		{74ACFC91-3C50-4506-A19D-42D9A9473580}.Release|Any CPU.ActiveCfg = Release|Any CPU
		{74ACFC91-3C50-4506-A19D-42D9A9473580}.Release|Any CPU.Build.0 = Release|Any CPU
		{B6BCF55A-4886-413B-B7E1-EFA104F9BADF}.Debug|Any CPU.ActiveCfg = Debug|Any CPU
		{B6BCF55A-4886-413B-B7E1-EFA104F9BADF}.Debug|Any CPU.Build.0 = Debug|Any CPU
		{B6BCF55A-4886-413B-B7E1-EFA104F9BADF}.Release|Any CPU.ActiveCfg = Release|Any CPU
		{B6BCF55A-4886-413B-B7E1-EFA104F9BADF}.Release|Any CPU.Build.0 = Release|Any CPU
	EndGlobalSection
	GlobalSection(SolutionProperties) = preSolution
		HideSolutionNode = FALSE
	EndGlobalSection
	GlobalSection(ExtensibilityGlobals) = postSolution
		SolutionGuid = {665836AB-939D-46A1-82EA-1EF815918671}
	EndGlobalSection
EndGlobal
